
Microsoft Visual Studio Solution File, Format Version 12.00
# Visual Studio Version 16
VisualStudioVersion = 16.0.30204.135
MinimumVisualStudioVersion = 10.0.40219.1
Project("{FAE04EC0-301F-11D3-BF4B-00C04F79EFBC}") = "ChemiClean", "ChemiClean.csproj", "{1CDA4CBB-7895-4211-B30F-33407066DE97}"
EndProject
Project("{FAE04EC0-301F-11D3-BF4B-00C04F79EFBC}") = "Domain", "..\Domain\Domain.csproj", "{011251E6-9595-4D24-A87C-21ECD729CA77}"
EndProject
Project("{FAE04EC0-301F-11D3-BF4B-00C04F79EFBC}") = "Application", "..\Application\Application.csproj", "{4786873A-EBC7-4BF9-899B-C6DE7809AF4C}"
EndProject
Project("{FAE04EC0-301F-11D3-BF4B-00C04F79EFBC}") = "Tests", "..\Tests\Tests.csproj", "{4417F824-0264-47CD-B48A-69BF1AB53BC1}"
EndProject
Global
	GlobalSection(SolutionConfigurationPlatforms) = preSolution
		Debug|Any CPU = Debug|Any CPU
		Release|Any CPU = Release|Any CPU
	EndGlobalSection
	GlobalSection(ProjectConfigurationPlatforms) = postSolution
		{1CDA4CBB-7895-4211-B30F-33407066DE97}.Debug|Any CPU.ActiveCfg = Debug|Any CPU
		{1CDA4CBB-7895-4211-B30F-33407066DE97}.Debug|Any CPU.Build.0 = Debug|Any CPU
		{1CDA4CBB-7895-4211-B30F-33407066DE97}.Release|Any CPU.ActiveCfg = Release|Any CPU
		{1CDA4CBB-7895-4211-B30F-33407066DE97}.Release|Any CPU.Build.0 = Release|Any CPU
		{011251E6-9595-4D24-A87C-21ECD729CA77}.Debug|Any CPU.ActiveCfg = Debug|Any CPU
		{011251E6-9595-4D24-A87C-21ECD729CA77}.Debug|Any CPU.Build.0 = Debug|Any CPU
		{011251E6-9595-4D24-A87C-21ECD729CA77}.Release|Any CPU.ActiveCfg = Release|Any CPU
		{011251E6-9595-4D24-A87C-21ECD729CA77}.Release|Any CPU.Build.0 = Release|Any CPU
		{4786873A-EBC7-4BF9-899B-C6DE7809AF4C}.Debug|Any CPU.ActiveCfg = Debug|Any CPU
		{4786873A-EBC7-4BF9-899B-C6DE7809AF4C}.Debug|Any CPU.Build.0 = Debug|Any CPU
		{4786873A-EBC7-4BF9-899B-C6DE7809AF4C}.Release|Any CPU.ActiveCfg = Release|Any CPU
		{4786873A-EBC7-4BF9-899B-C6DE7809AF4C}.Release|Any CPU.Build.0 = Release|Any CPU
		{4417F824-0264-47CD-B48A-69BF1AB53BC1}.Debug|Any CPU.ActiveCfg = Debug|Any CPU
		{4417F824-0264-47CD-B48A-69BF1AB53BC1}.Debug|Any CPU.Build.0 = Debug|Any CPU
		{4417F824-0264-47CD-B48A-69BF1AB53BC1}.Release|Any CPU.ActiveCfg = Release|Any CPU
		{4417F824-0264-47CD-B48A-69BF1AB53BC1}.Release|Any CPU.Build.0 = Release|Any CPU
	EndGlobalSection
	GlobalSection(SolutionProperties) = preSolution
		HideSolutionNode = FALSE
	EndGlobalSection
	GlobalSection(ExtensibilityGlobals) = postSolution
		SolutionGuid = {C2C6982B-6B0D-4470-A715-CD8E71E367B8}
	EndGlobalSection
EndGlobal
